
Microsoft Visual Studio Solution File, Format Version 12.00
# Visual Studio 15
VisualStudioVersion = 15.0.27130.2036
MinimumVisualStudioVersion = 10.0.40219.1
Project("{8BC9CEB8-8B4A-11D0-8D11-00A0C91BC942}") = "mergesort", "mergesort\mergesort.vcxproj", "{247B1A26-4ABD-4D47-91CD-0C454A7ECB60}"
EndProject
Global
	GlobalSection(SolutionConfigurationPlatforms) = preSolution
		Debug|x64 = Debug|x64
		Debug|x86 = Debug|x86
		Release|x64 = Release|x64
		Release|x86 = Release|x86
	EndGlobalSection
	GlobalSection(ProjectConfigurationPlatforms) = postSolution
		{247B1A26-4ABD-4D47-91CD-0C454A7ECB60}.Debug|x64.ActiveCfg = Debug|x64
		{247B1A26-4ABD-4D47-91CD-0C454A7ECB60}.Debug|x64.Build.0 = Debug|x64
		{247B1A26-4ABD-4D47-91CD-0C454A7ECB60}.Debug|x86.ActiveCfg = Debug|Win32
		{247B1A26-4ABD-4D47-91CD-0C454A7ECB60}.Debug|x86.Build.0 = Debug|Win32
		{247B1A26-4ABD-4D47-91CD-0C454A7ECB60}.Release|x64.ActiveCfg = Release|x64
		{247B1A26-4ABD-4D47-91CD-0C454A7ECB60}.Release|x64.Build.0 = Release|x64
		{247B1A26-4ABD-4D47-91CD-0C454A7ECB60}.Release|x86.ActiveCfg = Release|Win32
		{247B1A26-4ABD-4D47-91CD-0C454A7ECB60}.Release|x86.Build.0 = Release|Win32
	EndGlobalSection
	GlobalSection(SolutionProperties) = preSolution
		HideSolutionNode = FALSE
	EndGlobalSection
	GlobalSection(ExtensibilityGlobals) = postSolution
		SolutionGuid = {81A366F3-34E5-4442-8ABD-2329A45EEFC4}
	EndGlobalSection
EndGlobal
